
Microsoft Visual Studio Solution File, Format Version 12.00
# Visual Studio Version 16
VisualStudioVersion = 16.0.30907.101
MinimumVisualStudioVersion = 10.0.40219.1
Project("{FAE04EC0-301F-11D3-BF4B-00C04F79EFBC}") = "Assignmnet3", "Assignmnet3\Assignmnet3.csproj", "{1952E5A1-6830-41CC-8FFD-3A60DAD4ECDD}"
EndProject
Global
	GlobalSection(SolutionConfigurationPlatforms) = preSolution
		Debug|Any CPU = Debug|Any CPU
		Release|Any CPU = Release|Any CPU
	EndGlobalSection
	GlobalSection(ProjectConfigurationPlatforms) = postSolution
		{1952E5A1-6830-41CC-8FFD-3A60DAD4ECDD}.Debug|Any CPU.ActiveCfg = Debug|Any CPU
		{1952E5A1-6830-41CC-8FFD-3A60DAD4ECDD}.Debug|Any CPU.Build.0 = Debug|Any CPU
		{1952E5A1-6830-41CC-8FFD-3A60DAD4ECDD}.Release|Any CPU.ActiveCfg = Release|Any CPU
		{1952E5A1-6830-41CC-8FFD-3A60DAD4ECDD}.Release|Any CPU.Build.0 = Release|Any CPU
	EndGlobalSection
	GlobalSection(SolutionProperties) = preSolution
		HideSolutionNode = FALSE
	EndGlobalSection
	GlobalSection(ExtensibilityGlobals) = postSolution
		SolutionGuid = {7E2CF210-63F1-4107-A1DF-FB21DA64BA7E}
	EndGlobalSection
EndGlobal
